// !$*UTF8*$!
{
	archiveVersion = 1;
	classes = {
	};
	objectVersion = 56;
	objects = {

/* Begin PBXBuildFile section */
		203C58122BB5724D0048D902 /* BusViewModel.swift in Sources */ = {isa = PBXBuildFile; fileRef = 203C58112BB5724D0048D902 /* BusViewModel.swift */; };
		20F5B71C2BB1631A00746DBB /* BlinkApp.swift in Sources */ = {isa = PBXBuildFile; fileRef = 20F5B71B2BB1631A00746DBB /* BlinkApp.swift */; };
		20F5B71E2BB1631A00746DBB /* ContentView.swift in Sources */ = {isa = PBXBuildFile; fileRef = 20F5B71D2BB1631A00746DBB /* ContentView.swift */; };
		20F5B7202BB1631C00746DBB /* Assets.xcassets in Resources */ = {isa = PBXBuildFile; fileRef = 20F5B71F2BB1631C00746DBB /* Assets.xcassets */; };
		20F5B7232BB1631C00746DBB /* Preview Assets.xcassets in Resources */ = {isa = PBXBuildFile; fileRef = 20F5B7222BB1631C00746DBB /* Preview Assets.xcassets */; };
		20F5B72D2BB1631C00746DBB /* BlinkTests.swift in Sources */ = {isa = PBXBuildFile; fileRef = 20F5B72C2BB1631C00746DBB /* BlinkTests.swift */; };
		20F5B7372BB1631C00746DBB /* BlinkUITests.swift in Sources */ = {isa = PBXBuildFile; fileRef = 20F5B7362BB1631C00746DBB /* BlinkUITests.swift */; };
		20F5B7392BB1631C00746DBB /* BlinkUITestsLaunchTests.swift in Sources */ = {isa = PBXBuildFile; fileRef = 20F5B7382BB1631C00746DBB /* BlinkUITestsLaunchTests.swift */; };
		20F5B74B2BB16B5800746DBB /* Location.swift in Sources */ = {isa = PBXBuildFile; fileRef = 20F5B74A2BB16B5800746DBB /* Location.swift */; };
		20F5B74E2BB16F2A00746DBB /* Route.swift in Sources */ = {isa = PBXBuildFile; fileRef = 20F5B74D2BB16F2A00746DBB /* Route.swift */; };
		20F5B7502BB1700300746DBB /* BusStop.swift in Sources */ = {isa = PBXBuildFile; fileRef = 20F5B74F2BB1700300746DBB /* BusStop.swift */; };
		20F5B7522BB170E000746DBB /* Bus.swift in Sources */ = {isa = PBXBuildFile; fileRef = 20F5B7512BB170E000746DBB /* Bus.swift */; };
		20F5B7562BB17CCF00746DBB /* RouteList.swift in Sources */ = {isa = PBXBuildFile; fileRef = 20F5B7552BB17CCF00746DBB /* RouteList.swift */; };
		20F5B7582BB17CFD00746DBB /* RouteController.swift in Sources */ = {isa = PBXBuildFile; fileRef = 20F5B7572BB17CFD00746DBB /* RouteController.swift */; };
		20F5B75B2BB17DEA00746DBB /* RouteRepository.swift in Sources */ = {isa = PBXBuildFile; fileRef = 20F5B75A2BB17DEA00746DBB /* RouteRepository.swift */; };
		20F5B75D2BB17E0600746DBB /* BusRepository.swift in Sources */ = {isa = PBXBuildFile; fileRef = 20F5B75C2BB17E0600746DBB /* BusRepository.swift */; };
		20F5B75F2BB17E2000746DBB /* BusStopRepository.swift in Sources */ = {isa = PBXBuildFile; fileRef = 20F5B75E2BB17E2000746DBB /* BusStopRepository.swift */; };
		20F5B7612BB17F9000746DBB /* RepositoryProtocol.swift in Sources */ = {isa = PBXBuildFile; fileRef = 20F5B7602BB17F9000746DBB /* RepositoryProtocol.swift */; };
		20F5B7632BB2B9AB00746DBB /* GlobalValueProvider.swift in Sources */ = {isa = PBXBuildFile; fileRef = 20F5B7622BB2B9AB00746DBB /* GlobalValueProvider.swift */; };
/* End PBXBuildFile section */

/* Begin PBXContainerItemProxy section */
		20F5B7292BB1631C00746DBB /* PBXContainerItemProxy */ = {
			isa = PBXContainerItemProxy;
			containerPortal = 20F5B7102BB1631A00746DBB /* Project object */;
			proxyType = 1;
			remoteGlobalIDString = 20F5B7172BB1631A00746DBB;
			remoteInfo = Blink;
		};
		20F5B7332BB1631C00746DBB /* PBXContainerItemProxy */ = {
			isa = PBXContainerItemProxy;
			containerPortal = 20F5B7102BB1631A00746DBB /* Project object */;
			proxyType = 1;
			remoteGlobalIDString = 20F5B7172BB1631A00746DBB;
			remoteInfo = Blink;
		};
/* End PBXContainerItemProxy section */

/* Begin PBXFileReference section */
		203C58112BB5724D0048D902 /* BusViewModel.swift */ = {isa = PBXFileReference; lastKnownFileType = sourcecode.swift; path = BusViewModel.swift; sourceTree = "<group>"; };
		20F5B7182BB1631A00746DBB /* Blink.app */ = {isa = PBXFileReference; explicitFileType = wrapper.application; includeInIndex = 0; path = Blink.app; sourceTree = BUILT_PRODUCTS_DIR; };
		20F5B71B2BB1631A00746DBB /* BlinkApp.swift */ = {isa = PBXFileReference; lastKnownFileType = sourcecode.swift; path = BlinkApp.swift; sourceTree = "<group>"; };
		20F5B71D2BB1631A00746DBB /* ContentView.swift */ = {isa = PBXFileReference; lastKnownFileType = sourcecode.swift; path = ContentView.swift; sourceTree = "<group>"; };
		20F5B71F2BB1631C00746DBB /* Assets.xcassets */ = {isa = PBXFileReference; lastKnownFileType = folder.assetcatalog; path = Assets.xcassets; sourceTree = "<group>"; };
		20F5B7222BB1631C00746DBB /* Preview Assets.xcassets */ = {isa = PBXFileReference; lastKnownFileType = folder.assetcatalog; path = "Preview Assets.xcassets"; sourceTree = "<group>"; };
		20F5B7282BB1631C00746DBB /* BlinkTests.xctest */ = {isa = PBXFileReference; explicitFileType = wrapper.cfbundle; includeInIndex = 0; path = BlinkTests.xctest; sourceTree = BUILT_PRODUCTS_DIR; };
		20F5B72C2BB1631C00746DBB /* BlinkTests.swift */ = {isa = PBXFileReference; lastKnownFileType = sourcecode.swift; path = BlinkTests.swift; sourceTree = "<group>"; };
		20F5B7322BB1631C00746DBB /* BlinkUITests.xctest */ = {isa = PBXFileReference; explicitFileType = wrapper.cfbundle; includeInIndex = 0; path = BlinkUITests.xctest; sourceTree = BUILT_PRODUCTS_DIR; };
		20F5B7362BB1631C00746DBB /* BlinkUITests.swift */ = {isa = PBXFileReference; lastKnownFileType = sourcecode.swift; path = BlinkUITests.swift; sourceTree = "<group>"; };
		20F5B7382BB1631C00746DBB /* BlinkUITestsLaunchTests.swift */ = {isa = PBXFileReference; lastKnownFileType = sourcecode.swift; path = BlinkUITestsLaunchTests.swift; sourceTree = "<group>"; };
		20F5B74A2BB16B5800746DBB /* Location.swift */ = {isa = PBXFileReference; lastKnownFileType = sourcecode.swift; path = Location.swift; sourceTree = "<group>"; };
		20F5B74D2BB16F2A00746DBB /* Route.swift */ = {isa = PBXFileReference; lastKnownFileType = sourcecode.swift; path = Route.swift; sourceTree = "<group>"; };
		20F5B74F2BB1700300746DBB /* BusStop.swift */ = {isa = PBXFileReference; lastKnownFileType = sourcecode.swift; path = BusStop.swift; sourceTree = "<group>"; };
		20F5B7512BB170E000746DBB /* Bus.swift */ = {isa = PBXFileReference; lastKnownFileType = sourcecode.swift; path = Bus.swift; sourceTree = "<group>"; };
		20F5B7552BB17CCF00746DBB /* RouteList.swift */ = {isa = PBXFileReference; lastKnownFileType = sourcecode.swift; path = RouteList.swift; sourceTree = "<group>"; };
		20F5B7572BB17CFD00746DBB /* RouteController.swift */ = {isa = PBXFileReference; lastKnownFileType = sourcecode.swift; path = RouteController.swift; sourceTree = "<group>"; };
		20F5B75A2BB17DEA00746DBB /* RouteRepository.swift */ = {isa = PBXFileReference; lastKnownFileType = sourcecode.swift; path = RouteRepository.swift; sourceTree = "<group>"; };
		20F5B75C2BB17E0600746DBB /* BusRepository.swift */ = {isa = PBXFileReference; lastKnownFileType = sourcecode.swift; path = BusRepository.swift; sourceTree = "<group>"; };
		20F5B75E2BB17E2000746DBB /* BusStopRepository.swift */ = {isa = PBXFileReference; lastKnownFileType = sourcecode.swift; path = BusStopRepository.swift; sourceTree = "<group>"; };
		20F5B7602BB17F9000746DBB /* RepositoryProtocol.swift */ = {isa = PBXFileReference; lastKnownFileType = sourcecode.swift; path = RepositoryProtocol.swift; sourceTree = "<group>"; };
		20F5B7622BB2B9AB00746DBB /* GlobalValueProvider.swift */ = {isa = PBXFileReference; lastKnownFileType = sourcecode.swift; path = GlobalValueProvider.swift; sourceTree = "<group>"; };
/* End PBXFileReference section */

/* Begin PBXFrameworksBuildPhase section */
		20F5B7152BB1631A00746DBB /* Frameworks */ = {
			isa = PBXFrameworksBuildPhase;
			buildActionMask = 2147483647;
			files = (
			);
			runOnlyForDeploymentPostprocessing = 0;
		};
		20F5B7252BB1631C00746DBB /* Frameworks */ = {
			isa = PBXFrameworksBuildPhase;
			buildActionMask = 2147483647;
			files = (
			);
			runOnlyForDeploymentPostprocessing = 0;
		};
		20F5B72F2BB1631C00746DBB /* Frameworks */ = {
			isa = PBXFrameworksBuildPhase;
			buildActionMask = 2147483647;
			files = (
			);
			runOnlyForDeploymentPostprocessing = 0;
		};
/* End PBXFrameworksBuildPhase section */

/* Begin PBXGroup section */
		20F5B70F2BB1631A00746DBB = {
			isa = PBXGroup;
			children = (
				20F5B71A2BB1631A00746DBB /* Blink */,
				20F5B72B2BB1631C00746DBB /* BlinkTests */,
				20F5B7352BB1631C00746DBB /* BlinkUITests */,
				20F5B7192BB1631A00746DBB /* Products */,
			);
			sourceTree = "<group>";
		};
		20F5B7192BB1631A00746DBB /* Products */ = {
			isa = PBXGroup;
			children = (
				20F5B7182BB1631A00746DBB /* Blink.app */,
				20F5B7282BB1631C00746DBB /* BlinkTests.xctest */,
				20F5B7322BB1631C00746DBB /* BlinkUITests.xctest */,
			);
			name = Products;
			sourceTree = "<group>";
		};
		20F5B71A2BB1631A00746DBB /* Blink */ = {
			isa = PBXGroup;
			children = (
				20F5B7592BB17DDC00746DBB /* Repositories */,
				20F5B7492BB16B3C00746DBB /* ViewModels */,
				20F5B7482BB16B3200746DBB /* Controllers */,
				20F5B7472BB16B2700746DBB /* Views */,
				20F5B7462BB16B1E00746DBB /* Models */,
				20F5B71B2BB1631A00746DBB /* BlinkApp.swift */,
				20F5B71D2BB1631A00746DBB /* ContentView.swift */,
				20F5B71F2BB1631C00746DBB /* Assets.xcassets */,
				20F5B7212BB1631C00746DBB /* Preview Content */,
			);
			path = Blink;
			sourceTree = "<group>";
		};
		20F5B7212BB1631C00746DBB /* Preview Content */ = {
			isa = PBXGroup;
			children = (
				20F5B7222BB1631C00746DBB /* Preview Assets.xcassets */,
			);
			path = "Preview Content";
			sourceTree = "<group>";
		};
		20F5B72B2BB1631C00746DBB /* BlinkTests */ = {
			isa = PBXGroup;
			children = (
				20F5B72C2BB1631C00746DBB /* BlinkTests.swift */,
			);
			path = BlinkTests;
			sourceTree = "<group>";
		};
		20F5B7352BB1631C00746DBB /* BlinkUITests */ = {
			isa = PBXGroup;
			children = (
				20F5B7362BB1631C00746DBB /* BlinkUITests.swift */,
				20F5B7382BB1631C00746DBB /* BlinkUITestsLaunchTests.swift */,
			);
			path = BlinkUITests;
			sourceTree = "<group>";
		};
		20F5B7462BB16B1E00746DBB /* Models */ = {
			isa = PBXGroup;
			children = (
				20F5B74C2BB16ECC00746DBB /* Extensions */,
				20F5B74D2BB16F2A00746DBB /* Route.swift */,
				20F5B74F2BB1700300746DBB /* BusStop.swift */,
				20F5B7512BB170E000746DBB /* Bus.swift */,
			);
			path = Models;
			sourceTree = "<group>";
		};
		20F5B7472BB16B2700746DBB /* Views */ = {
			isa = PBXGroup;
			children = (
				20F5B7552BB17CCF00746DBB /* RouteList.swift */,
			);
			path = Views;
			sourceTree = "<group>";
		};
		20F5B7482BB16B3200746DBB /* Controllers */ = {
			isa = PBXGroup;
			children = (
				20F5B7572BB17CFD00746DBB /* RouteController.swift */,
			);
			path = Controllers;
			sourceTree = "<group>";
		};
		20F5B7492BB16B3C00746DBB /* ViewModels */ = {
			isa = PBXGroup;
			children = (
				203C58112BB5724D0048D902 /* BusViewModel.swift */,
			);
			path = ViewModels;
			sourceTree = "<group>";
		};
		20F5B74C2BB16ECC00746DBB /* Extensions */ = {
			isa = PBXGroup;
			children = (
				20F5B74A2BB16B5800746DBB /* Location.swift */,
			);
			path = Extensions;
			sourceTree = "<group>";
		};
		20F5B7592BB17DDC00746DBB /* Repositories */ = {
			isa = PBXGroup;
			children = (
				20F5B75A2BB17DEA00746DBB /* RouteRepository.swift */,
				20F5B75C2BB17E0600746DBB /* BusRepository.swift */,
				20F5B75E2BB17E2000746DBB /* BusStopRepository.swift */,
				20F5B7602BB17F9000746DBB /* RepositoryProtocol.swift */,
				20F5B7622BB2B9AB00746DBB /* GlobalValueProvider.swift */,
			);
			path = Repositories;
			sourceTree = "<group>";
		};
/* End PBXGroup section */

/* Begin PBXNativeTarget section */
		20F5B7172BB1631A00746DBB /* Blink */ = {
			isa = PBXNativeTarget;
			buildConfigurationList = 20F5B73C2BB1631C00746DBB /* Build configuration list for PBXNativeTarget "Blink" */;
			buildPhases = (
				20F5B7142BB1631A00746DBB /* Sources */,
				20F5B7152BB1631A00746DBB /* Frameworks */,
				20F5B7162BB1631A00746DBB /* Resources */,
			);
			buildRules = (
			);
			dependencies = (
			);
			name = Blink;
			productName = Blink;
			productReference = 20F5B7182BB1631A00746DBB /* Blink.app */;
			productType = "com.apple.product-type.application";
		};
		20F5B7272BB1631C00746DBB /* BlinkTests */ = {
			isa = PBXNativeTarget;
			buildConfigurationList = 20F5B73F2BB1631C00746DBB /* Build configuration list for PBXNativeTarget "BlinkTests" */;
			buildPhases = (
				20F5B7242BB1631C00746DBB /* Sources */,
				20F5B7252BB1631C00746DBB /* Frameworks */,
				20F5B7262BB1631C00746DBB /* Resources */,
			);
			buildRules = (
			);
			dependencies = (
				20F5B72A2BB1631C00746DBB /* PBXTargetDependency */,
			);
			name = BlinkTests;
			productName = BlinkTests;
			productReference = 20F5B7282BB1631C00746DBB /* BlinkTests.xctest */;
			productType = "com.apple.product-type.bundle.unit-test";
		};
		20F5B7312BB1631C00746DBB /* BlinkUITests */ = {
			isa = PBXNativeTarget;
			buildConfigurationList = 20F5B7422BB1631C00746DBB /* Build configuration list for PBXNativeTarget "BlinkUITests" */;
			buildPhases = (
				20F5B72E2BB1631C00746DBB /* Sources */,
				20F5B72F2BB1631C00746DBB /* Frameworks */,
				20F5B7302BB1631C00746DBB /* Resources */,
			);
			buildRules = (
			);
			dependencies = (
				20F5B7342BB1631C00746DBB /* PBXTargetDependency */,
			);
			name = BlinkUITests;
			productName = BlinkUITests;
			productReference = 20F5B7322BB1631C00746DBB /* BlinkUITests.xctest */;
			productType = "com.apple.product-type.bundle.ui-testing";
		};
/* End PBXNativeTarget section */

/* Begin PBXProject section */
		20F5B7102BB1631A00746DBB /* Project object */ = {
			isa = PBXProject;
			attributes = {
				BuildIndependentTargetsInParallel = 1;
				LastSwiftUpdateCheck = 1530;
				LastUpgradeCheck = 1530;
				TargetAttributes = {
					20F5B7172BB1631A00746DBB = {
						CreatedOnToolsVersion = 15.3;
					};
					20F5B7272BB1631C00746DBB = {
						CreatedOnToolsVersion = 15.3;
						TestTargetID = 20F5B7172BB1631A00746DBB;
					};
					20F5B7312BB1631C00746DBB = {
						CreatedOnToolsVersion = 15.3;
						TestTargetID = 20F5B7172BB1631A00746DBB;
					};
				};
			};
			buildConfigurationList = 20F5B7132BB1631A00746DBB /* Build configuration list for PBXProject "Blink" */;
			compatibilityVersion = "Xcode 14.0";
			developmentRegion = en;
			hasScannedForEncodings = 0;
			knownRegions = (
				en,
				Base,
			);
			mainGroup = 20F5B70F2BB1631A00746DBB;
			productRefGroup = 20F5B7192BB1631A00746DBB /* Products */;
			projectDirPath = "";
			projectRoot = "";
			targets = (
				20F5B7172BB1631A00746DBB /* Blink */,
				20F5B7272BB1631C00746DBB /* BlinkTests */,
				20F5B7312BB1631C00746DBB /* BlinkUITests */,
			);
		};
/* End PBXProject section */

/* Begin PBXResourcesBuildPhase section */
		20F5B7162BB1631A00746DBB /* Resources */ = {
			isa = PBXResourcesBuildPhase;
			buildActionMask = 2147483647;
			files = (
				20F5B7232BB1631C00746DBB /* Preview Assets.xcassets in Resources */,
				20F5B7202BB1631C00746DBB /* Assets.xcassets in Resources */,
			);
			runOnlyForDeploymentPostprocessing = 0;
		};
		20F5B7262BB1631C00746DBB /* Resources */ = {
			isa = PBXResourcesBuildPhase;
			buildActionMask = 2147483647;
			files = (
			);
			runOnlyForDeploymentPostprocessing = 0;
		};
		20F5B7302BB1631C00746DBB /* Resources */ = {
			isa = PBXResourcesBuildPhase;
			buildActionMask = 2147483647;
			files = (
			);
			runOnlyForDeploymentPostprocessing = 0;
		};
/* End PBXResourcesBuildPhase section */

/* Begin PBXSourcesBuildPhase section */
		20F5B7142BB1631A00746DBB /* Sources */ = {
			isa = PBXSourcesBuildPhase;
			buildActionMask = 2147483647;
			files = (
				20F5B75B2BB17DEA00746DBB /* RouteRepository.swift in Sources */,
				20F5B7522BB170E000746DBB /* Bus.swift in Sources */,
				20F5B75D2BB17E0600746DBB /* BusRepository.swift in Sources */,
				203C58122BB5724D0048D902 /* BusViewModel.swift in Sources */,
				20F5B7502BB1700300746DBB /* BusStop.swift in Sources */,
				20F5B71E2BB1631A00746DBB /* ContentView.swift in Sources */,
				20F5B7612BB17F9000746DBB /* RepositoryProtocol.swift in Sources */,
				20F5B7582BB17CFD00746DBB /* RouteController.swift in Sources */,
				20F5B74E2BB16F2A00746DBB /* Route.swift in Sources */,
				20F5B74B2BB16B5800746DBB /* Location.swift in Sources */,
				20F5B75F2BB17E2000746DBB /* BusStopRepository.swift in Sources */,
				20F5B7632BB2B9AB00746DBB /* GlobalValueProvider.swift in Sources */,
				20F5B7562BB17CCF00746DBB /* RouteList.swift in Sources */,
				20F5B71C2BB1631A00746DBB /* BlinkApp.swift in Sources */,
			);
			runOnlyForDeploymentPostprocessing = 0;
		};
		20F5B7242BB1631C00746DBB /* Sources */ = {
			isa = PBXSourcesBuildPhase;
			buildActionMask = 2147483647;
			files = (
				20F5B72D2BB1631C00746DBB /* BlinkTests.swift in Sources */,
			);
			runOnlyForDeploymentPostprocessing = 0;
		};
		20F5B72E2BB1631C00746DBB /* Sources */ = {
			isa = PBXSourcesBuildPhase;
			buildActionMask = 2147483647;
			files = (
				20F5B7372BB1631C00746DBB /* BlinkUITests.swift in Sources */,
				20F5B7392BB1631C00746DBB /* BlinkUITestsLaunchTests.swift in Sources */,
			);
			runOnlyForDeploymentPostprocessing = 0;
		};
/* End PBXSourcesBuildPhase section */

/* Begin PBXTargetDependency section */
		20F5B72A2BB1631C00746DBB /* PBXTargetDependency */ = {
			isa = PBXTargetDependency;
			target = 20F5B7172BB1631A00746DBB /* Blink */;
			targetProxy = 20F5B7292BB1631C00746DBB /* PBXContainerItemProxy */;
		};
		20F5B7342BB1631C00746DBB /* PBXTargetDependency */ = {
			isa = PBXTargetDependency;
			target = 20F5B7172BB1631A00746DBB /* Blink */;
			targetProxy = 20F5B7332BB1631C00746DBB /* PBXContainerItemProxy */;
		};
/* End PBXTargetDependency section */

/* Begin XCBuildConfiguration section */
		20F5B73A2BB1631C00746DBB /* Debug */ = {
			isa = XCBuildConfiguration;
			buildSettings = {
				ALWAYS_SEARCH_USER_PATHS = NO;
				ASSETCATALOG_COMPILER_GENERATE_SWIFT_ASSET_SYMBOL_EXTENSIONS = YES;
				CLANG_ANALYZER_NONNULL = YES;
				CLANG_ANALYZER_NUMBER_OBJECT_CONVERSION = YES_AGGRESSIVE;
				CLANG_CXX_LANGUAGE_STANDARD = "gnu++20";
				CLANG_ENABLE_MODULES = YES;
				CLANG_ENABLE_OBJC_ARC = YES;
				CLANG_ENABLE_OBJC_WEAK = YES;
				CLANG_WARN_BLOCK_CAPTURE_AUTORELEASING = YES;
				CLANG_WARN_BOOL_CONVERSION = YES;
				CLANG_WARN_COMMA = YES;
				CLANG_WARN_CONSTANT_CONVERSION = YES;
				CLANG_WARN_DEPRECATED_OBJC_IMPLEMENTATIONS = YES;
				CLANG_WARN_DIRECT_OBJC_ISA_USAGE = YES_ERROR;
				CLANG_WARN_DOCUMENTATION_COMMENTS = YES;
				CLANG_WARN_EMPTY_BODY = YES;
				CLANG_WARN_ENUM_CONVERSION = YES;
				CLANG_WARN_INFINITE_RECURSION = YES;
				CLANG_WARN_INT_CONVERSION = YES;
				CLANG_WARN_NON_LITERAL_NULL_CONVERSION = YES;
				CLANG_WARN_OBJC_IMPLICIT_RETAIN_SELF = YES;
				CLANG_WARN_OBJC_LITERAL_CONVERSION = YES;
				CLANG_WARN_OBJC_ROOT_CLASS = YES_ERROR;
				CLANG_WARN_QUOTED_INCLUDE_IN_FRAMEWORK_HEADER = YES;
				CLANG_WARN_RANGE_LOOP_ANALYSIS = YES;
				CLANG_WARN_STRICT_PROTOTYPES = YES;
				CLANG_WARN_SUSPICIOUS_MOVE = YES;
				CLANG_WARN_UNGUARDED_AVAILABILITY = YES_AGGRESSIVE;
				CLANG_WARN_UNREACHABLE_CODE = YES;
				CLANG_WARN__DUPLICATE_METHOD_MATCH = YES;
				COPY_PHASE_STRIP = NO;
				DEBUG_INFORMATION_FORMAT = dwarf;
				ENABLE_STRICT_OBJC_MSGSEND = YES;
				ENABLE_TESTABILITY = YES;
				ENABLE_USER_SCRIPT_SANDBOXING = YES;
				GCC_C_LANGUAGE_STANDARD = gnu17;
				GCC_DYNAMIC_NO_PIC = NO;
				GCC_NO_COMMON_BLOCKS = YES;
				GCC_OPTIMIZATION_LEVEL = 0;
				GCC_PREPROCESSOR_DEFINITIONS = (
					"DEBUG=1",
					"$(inherited)",
				);
				GCC_WARN_64_TO_32_BIT_CONVERSION = YES;
				GCC_WARN_ABOUT_RETURN_TYPE = YES_ERROR;
				GCC_WARN_UNDECLARED_SELECTOR = YES;
				GCC_WARN_UNINITIALIZED_AUTOS = YES_AGGRESSIVE;
				GCC_WARN_UNUSED_FUNCTION = YES;
				GCC_WARN_UNUSED_VARIABLE = YES;
				IPHONEOS_DEPLOYMENT_TARGET = 17.4;
				LOCALIZATION_PREFERS_STRING_CATALOGS = YES;
				MTL_ENABLE_DEBUG_INFO = INCLUDE_SOURCE;
				MTL_FAST_MATH = YES;
				ONLY_ACTIVE_ARCH = YES;
				SDKROOT = iphoneos;
				SWIFT_ACTIVE_COMPILATION_CONDITIONS = "DEBUG $(inherited)";
				SWIFT_OPTIMIZATION_LEVEL = "-Onone";
			};
			name = Debug;
		};
		20F5B73B2BB1631C00746DBB /* Release */ = {
			isa = XCBuildConfiguration;
			buildSettings = {
				ALWAYS_SEARCH_USER_PATHS = NO;
				ASSETCATALOG_COMPILER_GENERATE_SWIFT_ASSET_SYMBOL_EXTENSIONS = YES;
				CLANG_ANALYZER_NONNULL = YES;
				CLANG_ANALYZER_NUMBER_OBJECT_CONVERSION = YES_AGGRESSIVE;
				CLANG_CXX_LANGUAGE_STANDARD = "gnu++20";
				CLANG_ENABLE_MODULES = YES;
				CLANG_ENABLE_OBJC_ARC = YES;
				CLANG_ENABLE_OBJC_WEAK = YES;
				CLANG_WARN_BLOCK_CAPTURE_AUTORELEASING = YES;
				CLANG_WARN_BOOL_CONVERSION = YES;
				CLANG_WARN_COMMA = YES;
				CLANG_WARN_CONSTANT_CONVERSION = YES;
				CLANG_WARN_DEPRECATED_OBJC_IMPLEMENTATIONS = YES;
				CLANG_WARN_DIRECT_OBJC_ISA_USAGE = YES_ERROR;
				CLANG_WARN_DOCUMENTATION_COMMENTS = YES;
				CLANG_WARN_EMPTY_BODY = YES;
				CLANG_WARN_ENUM_CONVERSION = YES;
				CLANG_WARN_INFINITE_RECURSION = YES;
				CLANG_WARN_INT_CONVERSION = YES;
				CLANG_WARN_NON_LITERAL_NULL_CONVERSION = YES;
				CLANG_WARN_OBJC_IMPLICIT_RETAIN_SELF = YES;
				CLANG_WARN_OBJC_LITERAL_CONVERSION = YES;
				CLANG_WARN_OBJC_ROOT_CLASS = YES_ERROR;
				CLANG_WARN_QUOTED_INCLUDE_IN_FRAMEWORK_HEADER = YES;
				CLANG_WARN_RANGE_LOOP_ANALYSIS = YES;
				CLANG_WARN_STRICT_PROTOTYPES = YES;
				CLANG_WARN_SUSPICIOUS_MOVE = YES;
				CLANG_WARN_UNGUARDED_AVAILABILITY = YES_AGGRESSIVE;
				CLANG_WARN_UNREACHABLE_CODE = YES;
				CLANG_WARN__DUPLICATE_METHOD_MATCH = YES;
				COPY_PHASE_STRIP = NO;
				DEBUG_INFORMATION_FORMAT = "dwarf-with-dsym";
				ENABLE_NS_ASSERTIONS = NO;
				ENABLE_STRICT_OBJC_MSGSEND = YES;
				ENABLE_USER_SCRIPT_SANDBOXING = YES;
				GCC_C_LANGUAGE_STANDARD = gnu17;
				GCC_NO_COMMON_BLOCKS = YES;
				GCC_WARN_64_TO_32_BIT_CONVERSION = YES;
				GCC_WARN_ABOUT_RETURN_TYPE = YES_ERROR;
				GCC_WARN_UNDECLARED_SELECTOR = YES;
				GCC_WARN_UNINITIALIZED_AUTOS = YES_AGGRESSIVE;
				GCC_WARN_UNUSED_FUNCTION = YES;
				GCC_WARN_UNUSED_VARIABLE = YES;
				IPHONEOS_DEPLOYMENT_TARGET = 17.4;
				LOCALIZATION_PREFERS_STRING_CATALOGS = YES;
				MTL_ENABLE_DEBUG_INFO = NO;
				MTL_FAST_MATH = YES;
				SDKROOT = iphoneos;
				SWIFT_COMPILATION_MODE = wholemodule;
				VALIDATE_PRODUCT = YES;
			};
			name = Release;
		};
		20F5B73D2BB1631C00746DBB /* Debug */ = {
			isa = XCBuildConfiguration;
			buildSettings = {
				ASSETCATALOG_COMPILER_APPICON_NAME = AppIcon;
				ASSETCATALOG_COMPILER_GLOBAL_ACCENT_COLOR_NAME = AccentColor;
				CODE_SIGN_STYLE = Automatic;
				CURRENT_PROJECT_VERSION = 1;
				DEVELOPMENT_ASSET_PATHS = "\"Blink/Preview Content\"";
				DEVELOPMENT_TEAM = STU45DAFT2;
				ENABLE_PREVIEWS = YES;
				GENERATE_INFOPLIST_FILE = YES;
				INFOPLIST_KEY_UIApplicationSceneManifest_Generation = YES;
				INFOPLIST_KEY_UIApplicationSupportsIndirectInputEvents = YES;
				INFOPLIST_KEY_UILaunchScreen_Generation = YES;
				INFOPLIST_KEY_UISupportedInterfaceOrientations_iPad = "UIInterfaceOrientationPortrait UIInterfaceOrientationPortraitUpsideDown UIInterfaceOrientationLandscapeLeft UIInterfaceOrientationLandscapeRight";
				INFOPLIST_KEY_UISupportedInterfaceOrientations_iPhone = "UIInterfaceOrientationPortrait UIInterfaceOrientationLandscapeLeft UIInterfaceOrientationLandscapeRight";
				LD_RUNPATH_SEARCH_PATHS = (
					"$(inherited)",
					"@executable_path/Frameworks",
				);
				MARKETING_VERSION = 1.0;
				PRODUCT_BUNDLE_IDENTIFIER = vinapp.Blink;
				PRODUCT_NAME = "$(TARGET_NAME)";
				SWIFT_EMIT_LOC_STRINGS = YES;
				SWIFT_VERSION = 5.0;
				TARGETED_DEVICE_FAMILY = "1,2";
			};
			name = Debug;
		};
		20F5B73E2BB1631C00746DBB /* Release */ = {
			isa = XCBuildConfiguration;
			buildSettings = {
				ASSETCATALOG_COMPILER_APPICON_NAME = AppIcon;
				ASSETCATALOG_COMPILER_GLOBAL_ACCENT_COLOR_NAME = AccentColor;
				CODE_SIGN_STYLE = Automatic;
				CURRENT_PROJECT_VERSION = 1;
				DEVELOPMENT_ASSET_PATHS = "\"Blink/Preview Content\"";
				DEVELOPMENT_TEAM = STU45DAFT2;
				ENABLE_PREVIEWS = YES;
				GENERATE_INFOPLIST_FILE = YES;
				INFOPLIST_KEY_UIApplicationSceneManifest_Generation = YES;
				INFOPLIST_KEY_UIApplicationSupportsIndirectInputEvents = YES;
				INFOPLIST_KEY_UILaunchScreen_Generation = YES;
				INFOPLIST_KEY_UISupportedInterfaceOrientations_iPad = "UIInterfaceOrientationPortrait UIInterfaceOrientationPortraitUpsideDown UIInterfaceOrientationLandscapeLeft UIInterfaceOrientationLandscapeRight";
				INFOPLIST_KEY_UISupportedInterfaceOrientations_iPhone = "UIInterfaceOrientationPortrait UIInterfaceOrientationLandscapeLeft UIInterfaceOrientationLandscapeRight";
				LD_RUNPATH_SEARCH_PATHS = (
					"$(inherited)",
					"@executable_path/Frameworks",
				);
				MARKETING_VERSION = 1.0;
				PRODUCT_BUNDLE_IDENTIFIER = vinapp.Blink;
				PRODUCT_NAME = "$(TARGET_NAME)";
				SWIFT_EMIT_LOC_STRINGS = YES;
				SWIFT_VERSION = 5.0;
				TARGETED_DEVICE_FAMILY = "1,2";
			};
			name = Release;
		};
		20F5B7402BB1631C00746DBB /* Debug */ = {
			isa = XCBuildConfiguration;
			buildSettings = {
				ALWAYS_EMBED_SWIFT_STANDARD_LIBRARIES = YES;
				BUNDLE_LOADER = "$(TEST_HOST)";
				CODE_SIGN_STYLE = Automatic;
				CURRENT_PROJECT_VERSION = 1;
				DEVELOPMENT_TEAM = STU45DAFT2;
				GENERATE_INFOPLIST_FILE = YES;
				IPHONEOS_DEPLOYMENT_TARGET = 17.4;
				MARKETING_VERSION = 1.0;
				PRODUCT_BUNDLE_IDENTIFIER = vinapp.BlinkTests;
				PRODUCT_NAME = "$(TARGET_NAME)";
				SWIFT_EMIT_LOC_STRINGS = NO;
				SWIFT_VERSION = 5.0;
				TARGETED_DEVICE_FAMILY = "1,2";
				TEST_HOST = "$(BUILT_PRODUCTS_DIR)/Blink.app/$(BUNDLE_EXECUTABLE_FOLDER_PATH)/Blink";
			};
			name = Debug;
		};
		20F5B7412BB1631C00746DBB /* Release */ = {
			isa = XCBuildConfiguration;
			buildSettings = {
				ALWAYS_EMBED_SWIFT_STANDARD_LIBRARIES = YES;
				BUNDLE_LOADER = "$(TEST_HOST)";
				CODE_SIGN_STYLE = Automatic;
				CURRENT_PROJECT_VERSION = 1;
				DEVELOPMENT_TEAM = STU45DAFT2;
				GENERATE_INFOPLIST_FILE = YES;
				IPHONEOS_DEPLOYMENT_TARGET = 17.4;
				MARKETING_VERSION = 1.0;
				PRODUCT_BUNDLE_IDENTIFIER = vinapp.BlinkTests;
				PRODUCT_NAME = "$(TARGET_NAME)";
				SWIFT_EMIT_LOC_STRINGS = NO;
				SWIFT_VERSION = 5.0;
				TARGETED_DEVICE_FAMILY = "1,2";
				TEST_HOST = "$(BUILT_PRODUCTS_DIR)/Blink.app/$(BUNDLE_EXECUTABLE_FOLDER_PATH)/Blink";
			};
			name = Release;
		};
		20F5B7432BB1631C00746DBB /* Debug */ = {
			isa = XCBuildConfiguration;
			buildSettings = {
				ALWAYS_EMBED_SWIFT_STANDARD_LIBRARIES = YES;
				CODE_SIGN_STYLE = Automatic;
				CURRENT_PROJECT_VERSION = 1;
				DEVELOPMENT_TEAM = STU45DAFT2;
				GENERATE_INFOPLIST_FILE = YES;
				MARKETING_VERSION = 1.0;
				PRODUCT_BUNDLE_IDENTIFIER = vinapp.BlinkUITests;
				PRODUCT_NAME = "$(TARGET_NAME)";
				SWIFT_EMIT_LOC_STRINGS = NO;
				SWIFT_VERSION = 5.0;
				TARGETED_DEVICE_FAMILY = "1,2";
				TEST_TARGET_NAME = Blink;
			};
			name = Debug;
		};
		20F5B7442BB1631C00746DBB /* Release */ = {
			isa = XCBuildConfiguration;
			buildSettings = {
				ALWAYS_EMBED_SWIFT_STANDARD_LIBRARIES = YES;
				CODE_SIGN_STYLE = Automatic;
				CURRENT_PROJECT_VERSION = 1;
				DEVELOPMENT_TEAM = STU45DAFT2;
				GENERATE_INFOPLIST_FILE = YES;
				MARKETING_VERSION = 1.0;
				PRODUCT_BUNDLE_IDENTIFIER = vinapp.BlinkUITests;
				PRODUCT_NAME = "$(TARGET_NAME)";
				SWIFT_EMIT_LOC_STRINGS = NO;
				SWIFT_VERSION = 5.0;
				TARGETED_DEVICE_FAMILY = "1,2";
				TEST_TARGET_NAME = Blink;
			};
			name = Release;
		};
/* End XCBuildConfiguration section */

/* Begin XCConfigurationList section */
		20F5B7132BB1631A00746DBB /* Build configuration list for PBXProject "Blink" */ = {
			isa = XCConfigurationList;
			buildConfigurations = (
				20F5B73A2BB1631C00746DBB /* Debug */,
				20F5B73B2BB1631C00746DBB /* Release */,
			);
			defaultConfigurationIsVisible = 0;
			defaultConfigurationName = Release;
		};
		20F5B73C2BB1631C00746DBB /* Build configuration list for PBXNativeTarget "Blink" */ = {
			isa = XCConfigurationList;
			buildConfigurations = (
				20F5B73D2BB1631C00746DBB /* Debug */,
				20F5B73E2BB1631C00746DBB /* Release */,
			);
			defaultConfigurationIsVisible = 0;
			defaultConfigurationName = Release;
		};
		20F5B73F2BB1631C00746DBB /* Build configuration list for PBXNativeTarget "BlinkTests" */ = {
			isa = XCConfigurationList;
			buildConfigurations = (
				20F5B7402BB1631C00746DBB /* Debug */,
				20F5B7412BB1631C00746DBB /* Release */,
			);
			defaultConfigurationIsVisible = 0;
			defaultConfigurationName = Release;
		};
		20F5B7422BB1631C00746DBB /* Build configuration list for PBXNativeTarget "BlinkUITests" */ = {
			isa = XCConfigurationList;
			buildConfigurations = (
				20F5B7432BB1631C00746DBB /* Debug */,
				20F5B7442BB1631C00746DBB /* Release */,
			);
			defaultConfigurationIsVisible = 0;
			defaultConfigurationName = Release;
		};
/* End XCConfigurationList section */
	};
	rootObject = 20F5B7102BB1631A00746DBB /* Project object */;
}
